
Microsoft Visual Studio Solution File, Format Version 12.00
# Visual Studio Version 17
VisualStudioVersion = 17.11.35208.52
MinimumVisualStudioVersion = 10.0.40219.1
Project("{FAE04EC0-301F-11D3-BF4B-00C04F79EFBC}") = "VisualizadorDeImagens", "VisualizadorDeImagens\VisualizadorDeImagens.csproj", "{15F6C38D-5AFE-47B7-99D7-B79CF58AB9EA}"
EndProject
Global
	GlobalSection(SolutionConfigurationPlatforms) = preSolution
		Debug|Any CPU = Debug|Any CPU
		Release|Any CPU = Release|Any CPU
	EndGlobalSection
	GlobalSection(ProjectConfigurationPlatforms) = postSolution
		{15F6C38D-5AFE-47B7-99D7-B79CF58AB9EA}.Debug|Any CPU.ActiveCfg = Debug|Any CPU
		{15F6C38D-5AFE-47B7-99D7-B79CF58AB9EA}.Debug|Any CPU.Build.0 = Debug|Any CPU
		{15F6C38D-5AFE-47B7-99D7-B79CF58AB9EA}.Release|Any CPU.ActiveCfg = Release|Any CPU
		{15F6C38D-5AFE-47B7-99D7-B79CF58AB9EA}.Release|Any CPU.Build.0 = Release|Any CPU
	EndGlobalSection
	GlobalSection(SolutionProperties) = preSolution
		HideSolutionNode = FALSE
	EndGlobalSection
	GlobalSection(ExtensibilityGlobals) = postSolution
		SolutionGuid = {B6395378-4C6F-4290-BDAA-046CD5F50C3F}
	EndGlobalSection
EndGlobal
